
Microsoft Visual Studio Solution File, Format Version 12.00
# Visual Studio Version 17
VisualStudioVersion = 17.8.34330.188
MinimumVisualStudioVersion = 10.0.40219.1
Project("{FAE04EC0-301F-11D3-BF4B-00C04F79EFBC}") = "WindowsForms", "WindowsForms\WindowsForms.csproj", "{B1B01C1C-BACA-4A84-B98F-EAB1C5F8313E}"
EndProject
Global
	GlobalSection(SolutionConfigurationPlatforms) = preSolution
		Debug|Any CPU = Debug|Any CPU
		Release|Any CPU = Release|Any CPU
	EndGlobalSection
	GlobalSection(ProjectConfigurationPlatforms) = postSolution
		{B1B01C1C-BACA-4A84-B98F-EAB1C5F8313E}.Debug|Any CPU.ActiveCfg = Debug|Any CPU
		{B1B01C1C-BACA-4A84-B98F-EAB1C5F8313E}.Debug|Any CPU.Build.0 = Debug|Any CPU
		{B1B01C1C-BACA-4A84-B98F-EAB1C5F8313E}.Release|Any CPU.ActiveCfg = Release|Any CPU
		{B1B01C1C-BACA-4A84-B98F-EAB1C5F8313E}.Release|Any CPU.Build.0 = Release|Any CPU
	EndGlobalSection
	GlobalSection(SolutionProperties) = preSolution
		HideSolutionNode = FALSE
	EndGlobalSection
	GlobalSection(ExtensibilityGlobals) = postSolution
		SolutionGuid = {B6428FBD-A488-4BDC-A8C6-BFAF6D06E597}
	EndGlobalSection
EndGlobal
